<?xml version="1.0" encoding="utf-8"?>
<Project ToolsVersion="4.0" xmlns="http://schemas.microsoft.com/developer/msbuild/2003">
  <ItemGroup>
    <Filter Include="Source Files">
      <UniqueIdentifier>{4FC737F1-C7A5-4376-A066-2A32D752A2FF}</UniqueIdentifier>
      <Extensions>cpp;c;cc;cxx;def;odl;idl;hpj;bat;asm;asmx</Extensions>
    </Filter>
    <Filter Include="Header Files">
      <UniqueIdentifier>{93995380-89BD-4b04-88EB-625FBE52EBFB}</UniqueIdentifier>
      <Extensions>h;hpp;hxx;hm;inl;inc;xsd</Extensions>
    </Filter>
    <Filter Include="Resource Files">
      <UniqueIdentifier>{67DA6AB6-F800-4c08-8B7A-83BB121AAD01}</UniqueIdentifier>
      <Extensions>rc;ico;cur;bmp;dlg;rc2;rct;bin;rgs;gif;jpg;jpeg;jpe;resx;tiff;tif;png;wav;mfcribbon-ms</Extensions>
    </Filter>
    <Filter Include="Header Files\Manager">
      <UniqueIdentifier>{e932a68f-2bc5-45f6-a65d-e401927b6510}</UniqueIdentifier>
    </Filter>
    <Filter Include="Header Files\Manager\InputManager">
      <UniqueIdentifier>{77f321ce-0f5d-46cb-af8e-1ab03450b3bb}</UniqueIdentifier>
    </Filter>
    <Filter Include="Header Files\Manager\RenderManager">
      <UniqueIdentifier>{9cb8f21c-5217-4fce-8d54-edbe4e3ecc17}</UniqueIdentifier>
    </Filter>
    <Filter Include="Header Files\Manager\SceneManager">
      <UniqueIdentifier>{c773471b-1141-4ff9-9ace-80fee6fbf49d}</UniqueIdentifier>
    </Filter>
    <Filter Include="Header Files\Manager\ScriptManager">
      <UniqueIdentifier>{b5f7a66e-66a7-4d41-a5fb-75db83be1289}</UniqueIdentifier>
    </Filter>
    <Filter Include="Header Files\Manager\ErrorManager">
      <UniqueIdentifier>{4fc80a3e-032a-4f40-a444-c5011c321a78}</UniqueIdentifier>
    </Filter>
    <Filter Include="Header Files\Manager\AssetManager">
      <UniqueIdentifier>{5171e76d-3dec-40f1-8b6c-d6f0fab0864c}</UniqueIdentifier>
    </Filter>
    <Filter Include="Source Files\Manager">
      <UniqueIdentifier>{ffb9a403-f293-494a-8d9a-f5e41a6c9baf}</UniqueIdentifier>
    </Filter>
    <Filter Include="Source Files\Manager\AssetManager">
      <UniqueIdentifier>{9a74cf63-695d-4fc0-a127-8df681259b20}</UniqueIdentifier>
    </Filter>
    <Filter Include="Source Files\Manager\ErrorManager">
      <UniqueIdentifier>{1fea4f2f-ab8e-4bb0-945b-8d1e8c03d35d}</UniqueIdentifier>
    </Filter>
    <Filter Include="Source Files\Manager\InputManager">
      <UniqueIdentifier>{ed5ca674-30a3-485c-af05-7de3d786a6ad}</UniqueIdentifier>
    </Filter>
    <Filter Include="Source Files\Manager\RenderManager">
      <UniqueIdentifier>{f0c4eefc-7f72-46e9-bb5b-5cd60ed6a365}</UniqueIdentifier>
    </Filter>
    <Filter Include="Source Files\Manager\SceneManager">
      <UniqueIdentifier>{33ec1834-62d7-4334-94c9-5d95934e9deb}</UniqueIdentifier>
    </Filter>
    <Filter Include="Source Files\Manager\ScriptManager">
      <UniqueIdentifier>{b3f2b5cb-0a33-4e43-9360-e1f05f4d1284}</UniqueIdentifier>
    </Filter>
    <Filter Include="Header Files\Component">
      <UniqueIdentifier>{d43f3a19-8520-4354-a512-db8c5a396afc}</UniqueIdentifier>
    </Filter>
    <Filter Include="Source Files\Component">
      <UniqueIdentifier>{2749752f-46e9-4b55-94ca-cd9a26280eeb}</UniqueIdentifier>
    </Filter>
    <Filter Include="Header Files\Component\GameSceneClass">
      <UniqueIdentifier>{76a2ae36-1ff6-4b73-a0dc-9880f01b2529}</UniqueIdentifier>
    </Filter>
    <Filter Include="Header Files\Component\GameMenuClass">
      <UniqueIdentifier>{5f620e76-ab43-470f-9825-e7ce96e7c5db}</UniqueIdentifier>
    </Filter>
    <Filter Include="Header Files\Component\VideoGameClass">
      <UniqueIdentifier>{2c1ca49b-3360-4110-8f8a-0b721f5b1505}</UniqueIdentifier>
    </Filter>
    <Filter Include="Source Files\Component\VideoGameClass">
      <UniqueIdentifier>{a3f119cb-b2b0-4ab0-a025-ce577676b621}</UniqueIdentifier>
    </Filter>
    <Filter Include="Source Files\Component\GameSceneClass">
      <UniqueIdentifier>{a1dc9b78-f83e-4369-a25a-3dd58ecc9947}</UniqueIdentifier>
    </Filter>
    <Filter Include="Source Files\Component\GameMenuClass">
      <UniqueIdentifier>{7cff92a2-5e48-46ec-b607-34bda3a7ba65}</UniqueIdentifier>
    </Filter>
  </ItemGroup>
  <ItemGroup>
    <ClCompile Include="dllmain.cpp">
      <Filter>Source Files</Filter>
    </ClCompile>
    <ClCompile Include="ErrorException.cpp">
      <Filter>Source Files\Manager\ErrorManager</Filter>
    </ClCompile>
    <ClCompile Include="ErrorManager.cpp">
      <Filter>Source Files\Manager\ErrorManager</Filter>
    </ClCompile>
    <ClCompile Include="ErrorObject.cpp">
      <Filter>Source Files\Manager\ErrorManager</Filter>
    </ClCompile>
    <ClCompile Include="BasicSceneManager.cpp">
      <Filter>Source Files\Manager\SceneManager</Filter>
    </ClCompile>
    <ClCompile Include="BasicAssetManager.cpp">
      <Filter>Source Files\Manager\AssetManager</Filter>
    </ClCompile>
    <ClCompile Include="BasicInputManager.cpp">
      <Filter>Source Files\Manager\InputManager</Filter>
    </ClCompile>
    <ClCompile Include="BasicRenderManager.cpp">
      <Filter>Source Files\Manager\RenderManager</Filter>
    </ClCompile>
    <ClCompile Include="BasicScriptManager.cpp">
      <Filter>Source Files\Manager\ScriptManager</Filter>
    </ClCompile>
    <ClCompile Include="GameMenuClass.cpp">
      <Filter>Source Files\Component\GameMenuClass</Filter>
    </ClCompile>
    <ClCompile Include="GameSceneClass.cpp">
      <Filter>Source Files\Component\GameSceneClass</Filter>
    </ClCompile>
    <ClCompile Include="VideoGameClass.cpp">
      <Filter>Source Files\Component\VideoGameClass</Filter>
    </ClCompile>
    <ClCompile Include="GameSprite.cpp">
      <Filter>Source Files</Filter>
    </ClCompile>
    <ClCompile Include="FontGameSprite.cpp">
      <Filter>Source Files</Filter>
    </ClCompile>
  </ItemGroup>
  <ItemGroup>
    <ClInclude Include="ErrorManager.h">
      <Filter>Header Files\Manager\ErrorManager</Filter>
    </ClInclude>
    <ClInclude Include="EngineObject.h">
      <Filter>Header Files\Manager\ErrorManager</Filter>
    </ClInclude>
    <ClInclude Include="ErrorException.h">
      <Filter>Header Files\Manager\ErrorManager</Filter>
    </ClInclude>
    <ClInclude Include="ISceneManager.h">
      <Filter>Header Files\Manager\SceneManager</Filter>
    </ClInclude>
    <ClInclude Include="BasicSceneManager.h">
      <Filter>Header Files\Manager\SceneManager</Filter>
    </ClInclude>
    <ClInclude Include="IAssetManager.h">
      <Filter>Header Files\Manager\AssetManager</Filter>
    </ClInclude>
    <ClInclude Include="BasicAssetManager.h">
      <Filter>Header Files\Manager\AssetManager</Filter>
    </ClInclude>
    <ClInclude Include="IRenderManager.h">
      <Filter>Header Files\Manager\RenderManager</Filter>
    </ClInclude>
    <ClInclude Include="IInputManager.h">
      <Filter>Header Files\Manager\InputManager</Filter>
    </ClInclude>
    <ClInclude Include="BasicInputManager.h">
      <Filter>Header Files\Manager\InputManager</Filter>
    </ClInclude>
    <ClInclude Include="BasicRenderManager.h">
      <Filter>Header Files\Manager\RenderManager</Filter>
    </ClInclude>
    <ClInclude Include="IScriptManager.h">
      <Filter>Header Files\Manager\ScriptManager</Filter>
    </ClInclude>
    <ClInclude Include="BasicScriptManager.h">
      <Filter>Header Files\Manager\ScriptManager</Filter>
    </ClInclude>
    <ClInclude Include="IGameSceneClass.h">
      <Filter>Header Files\Component\GameSceneClass</Filter>
    </ClInclude>
    <ClInclude Include="MXYGameEngineInterfaceDefine.h">
      <Filter>Header Files</Filter>
    </ClInclude>
    <ClInclude Include="GameMenuClass.h">
      <Filter>Header Files\Component\GameMenuClass</Filter>
    </ClInclude>
    <ClInclude Include="GameSceneClass.h">
      <Filter>Header Files\Component\GameSceneClass</Filter>
    </ClInclude>
    <ClInclude Include="IVideoGameClass.h">
      <Filter>Header Files\Component\VideoGameClass</Filter>
    </ClInclude>
    <ClInclude Include="VideoGameClass.h">
      <Filter>Header Files\Component\VideoGameClass</Filter>
    </ClInclude>
    <ClInclude Include="IManager.h">
      <Filter>Header Files\Manager</Filter>
    </ClInclude>
    <ClInclude Include="GameSprite.h">
      <Filter>Header Files</Filter>
    </ClInclude>
    <ClInclude Include="mxyVector.h">
      <Filter>Header Files\Component</Filter>
    </ClInclude>
    <ClInclude Include="FontGameSprite.h">
      <Filter>Header Files</Filter>
    </ClInclude>
  </ItemGroup>
</Project>