<?xml version="1.0" encoding="utf-8"?>
<Project ToolsVersion="4.0" xmlns="http://schemas.microsoft.com/developer/msbuild/2003">
  <ItemGroup>
    <Filter Include="Source Files">
      <UniqueIdentifier>{4FC737F1-C7A5-4376-A066-2A32D752A2FF}</UniqueIdentifier>
      <Extensions>cpp;c;cc;cxx;def;odl;idl;hpj;bat;asm;asmx</Extensions>
    </Filter>
    <Filter Include="Header Files">
      <UniqueIdentifier>{93995380-89BD-4b04-88EB-625FBE52EBFB}</UniqueIdentifier>
      <Extensions>h;hpp;hxx;hm;inl;inc;xsd</Extensions>
    </Filter>
    <Filter Include="Resource Files">
      <UniqueIdentifier>{67DA6AB6-F800-4c08-8B7A-83BB121AAD01}</UniqueIdentifier>
      <Extensions>rc;ico;cur;bmp;dlg;rc2;rct;bin;rgs;gif;jpg;jpeg;jpe;resx;tiff;tif;png;wav;mfcribbon-ms</Extensions>
    </Filter>
    <Filter Include="Header Files\Threads">
      <UniqueIdentifier>{6f2415fa-0455-4c01-9d47-a121700c47bf}</UniqueIdentifier>
    </Filter>
    <Filter Include="Source Files\Threads">
      <UniqueIdentifier>{61983f2f-d88a-4c30-a593-07a515ea8b2f}</UniqueIdentifier>
    </Filter>
    <Filter Include="Header Files\Components">
      <UniqueIdentifier>{b247e9a8-cf44-4f77-9ba2-2a2386bdbeea}</UniqueIdentifier>
    </Filter>
    <Filter Include="Source Files\Components">
      <UniqueIdentifier>{701f4499-4150-4840-8141-e61bae12ac41}</UniqueIdentifier>
    </Filter>
    <Filter Include="Header Files\ShareObjects">
      <UniqueIdentifier>{d2aa63a5-a60e-4411-bb74-24af886ba1c0}</UniqueIdentifier>
    </Filter>
    <Filter Include="Source Files\ShareObjects">
      <UniqueIdentifier>{7dbe83b5-3934-445e-b314-592bf6597721}</UniqueIdentifier>
    </Filter>
  </ItemGroup>
  <ItemGroup>
    <ClInclude Include="PhysicsApp.h">
      <Filter>Header Files</Filter>
    </ClInclude>
    <ClInclude Include="MyWindow.h">
      <Filter>Header Files</Filter>
    </ClInclude>
    <ClInclude Include="MyThread.h">
      <Filter>Header Files\Threads</Filter>
    </ClInclude>
    <ClInclude Include="NetReceiveThread.h">
      <Filter>Header Files\Threads</Filter>
    </ClInclude>
    <ClInclude Include="PhysicsThread.h">
      <Filter>Header Files\Threads</Filter>
    </ClInclude>
    <ClInclude Include="Point.h">
      <Filter>Header Files\Components</Filter>
    </ClInclude>
    <ClInclude Include="Shape.h">
      <Filter>Header Files\Components</Filter>
    </ClInclude>
    <ClInclude Include="Triangle.h">
      <Filter>Header Files\Components</Filter>
    </ClInclude>
    <ClInclude Include="Square.h">
      <Filter>Header Files\Components</Filter>
    </ClInclude>
    <ClInclude Include="Line.h">
      <Filter>Header Files\Components</Filter>
    </ClInclude>
    <ClInclude Include="ShapeShareObject.h">
      <Filter>Header Files\ShareObjects</Filter>
    </ClInclude>
    <ClInclude Include="Utiles.h">
      <Filter>Header Files\Components</Filter>
    </ClInclude>
    <ClInclude Include="SpringLine.h">
      <Filter>Header Files\Components</Filter>
    </ClInclude>
    <ClInclude Include="Mmath.h">
      <Filter>Header Files\Components</Filter>
    </ClInclude>
    <ClInclude Include="mxyMath.h">
      <Filter>Header Files\Components</Filter>
    </ClInclude>
    <ClInclude Include="mxyMatrix.h">
      <Filter>Header Files\Components</Filter>
    </ClInclude>
    <ClInclude Include="mxyVector.h">
      <Filter>Header Files\Components</Filter>
    </ClInclude>
    <ClInclude Include="SocketProcesser.h">
      <Filter>Header Files\Components</Filter>
    </ClInclude>
  </ItemGroup>
  <ItemGroup>
    <ClCompile Include="PhysicsApp.cpp">
      <Filter>Source Files</Filter>
    </ClCompile>
    <ClCompile Include="MyWindow.cpp">
      <Filter>Source Files</Filter>
    </ClCompile>
    <ClCompile Include="MyThread.cpp">
      <Filter>Source Files\Threads</Filter>
    </ClCompile>
    <ClCompile Include="NetReceiveThread.cpp">
      <Filter>Source Files\Threads</Filter>
    </ClCompile>
    <ClCompile Include="PhysicsThread.cpp">
      <Filter>Source Files\Threads</Filter>
    </ClCompile>
    <ClCompile Include="Shape.cpp">
      <Filter>Source Files\Components</Filter>
    </ClCompile>
    <ClCompile Include="Triangle.cpp">
      <Filter>Source Files\Components</Filter>
    </ClCompile>
    <ClCompile Include="Square.cpp">
      <Filter>Source Files\Components</Filter>
    </ClCompile>
    <ClCompile Include="Line.cpp">
      <Filter>Source Files\Components</Filter>
    </ClCompile>
    <ClCompile Include="ShapeShareObject.cpp">
      <Filter>Source Files\ShareObjects</Filter>
    </ClCompile>
    <ClCompile Include="SpringLine.cpp">
      <Filter>Source Files\Components</Filter>
    </ClCompile>
    <ClCompile Include="SocketProcesser.cpp">
      <Filter>Source Files\Components</Filter>
    </ClCompile>
  </ItemGroup>
</Project>