
Microsoft Visual Studio Solution File, Format Version 11.00
# Visual Studio 2010
Project("{8BC9CEB8-8B4A-11D0-8D11-00A0C91BC942}") = "PhysicSimulation", "PhysicSimulation\PhysicSimulation.vcxproj", "{EA1F1A9C-129E-42DB-AE66-BDE9C91C7273}"
EndProject
Global
	GlobalSection(SolutionConfigurationPlatforms) = preSolution
		Debug|Win32 = Debug|Win32
		Release|Win32 = Release|Win32
	EndGlobalSection
	GlobalSection(ProjectConfigurationPlatforms) = postSolution
		{EA1F1A9C-129E-42DB-AE66-BDE9C91C7273}.Debug|Win32.ActiveCfg = Debug|Win32
		{EA1F1A9C-129E-42DB-AE66-BDE9C91C7273}.Debug|Win32.Build.0 = Debug|Win32
		{EA1F1A9C-129E-42DB-AE66-BDE9C91C7273}.Release|Win32.ActiveCfg = Release|Win32
		{EA1F1A9C-129E-42DB-AE66-BDE9C91C7273}.Release|Win32.Build.0 = Release|Win32
	EndGlobalSection
	GlobalSection(SolutionProperties) = preSolution
		HideSolutionNode = FALSE
	EndGlobalSection
EndGlobal
