<?xml version="1.0" encoding="utf-8"?>
<Project ToolsVersion="4.0" xmlns="http://schemas.microsoft.com/developer/msbuild/2003">
  <ItemGroup>
    <Filter Include="Source Files">
      <UniqueIdentifier>{4FC737F1-C7A5-4376-A066-2A32D752A2FF}</UniqueIdentifier>
      <Extensions>cpp;c;cc;cxx;def;odl;idl;hpj;bat;asm;asmx</Extensions>
    </Filter>
    <Filter Include="Header Files">
      <UniqueIdentifier>{93995380-89BD-4b04-88EB-625FBE52EBFB}</UniqueIdentifier>
      <Extensions>h;hpp;hxx;hm;inl;inc;xsd</Extensions>
    </Filter>
    <Filter Include="Resource Files">
      <UniqueIdentifier>{67DA6AB6-F800-4c08-8B7A-83BB121AAD01}</UniqueIdentifier>
      <Extensions>rc;ico;cur;bmp;dlg;rc2;rct;bin;rgs;gif;jpg;jpeg;jpe;resx;tiff;tif;png;wav;mfcribbon-ms</Extensions>
    </Filter>
    <Filter Include="Header Files\Data">
      <UniqueIdentifier>{73e4eba6-f700-44d2-8441-93e1f558d791}</UniqueIdentifier>
    </Filter>
    <Filter Include="Header Files\Model">
      <UniqueIdentifier>{e9ec1eb4-ae5f-4501-86f4-1e53a69b10d1}</UniqueIdentifier>
    </Filter>
    <Filter Include="Source Files\Model">
      <UniqueIdentifier>{2cbf8856-2fee-4012-8e4a-bc9ca6f16899}</UniqueIdentifier>
    </Filter>
    <Filter Include="Header Files\Model\Base">
      <UniqueIdentifier>{b90acabe-7111-4031-b090-d20ee89ae3db}</UniqueIdentifier>
    </Filter>
    <Filter Include="Source Files\Model\Base">
      <UniqueIdentifier>{edecc09b-4a93-4878-95bd-6210a1c062ee}</UniqueIdentifier>
    </Filter>
    <Filter Include="Header Files\Main">
      <UniqueIdentifier>{f6d74f5a-f925-4485-9ea8-91d50c4ebf3a}</UniqueIdentifier>
    </Filter>
    <Filter Include="Source Files\Main">
      <UniqueIdentifier>{e911b4f3-0a4f-40de-8410-6f35e615e30d}</UniqueIdentifier>
    </Filter>
    <Filter Include="Header Files\Controller">
      <UniqueIdentifier>{5701f0c5-0584-42fc-ba05-15bf78a08650}</UniqueIdentifier>
    </Filter>
    <Filter Include="Source Files\Controller">
      <UniqueIdentifier>{ddab1e09-0ef9-412a-8184-ba1ca0fd1494}</UniqueIdentifier>
    </Filter>
    <Filter Include="Header Files\Controller\Base">
      <UniqueIdentifier>{da53bd97-fff4-4c03-9837-abefe0a01f37}</UniqueIdentifier>
    </Filter>
    <Filter Include="Source Files\Data">
      <UniqueIdentifier>{86e4310d-b14a-482e-b619-ae9936c577ee}</UniqueIdentifier>
    </Filter>
    <Filter Include="Shaders">
      <UniqueIdentifier>{d28fbdc2-9531-4f6b-849c-cc31ac706954}</UniqueIdentifier>
    </Filter>
  </ItemGroup>
  <ItemGroup>
    <ClInclude Include="Vertex.h">
      <Filter>Header Files\Data</Filter>
    </ClInclude>
    <ClInclude Include="Color.h">
      <Filter>Header Files\Data</Filter>
    </ClInclude>
    <ClInclude Include="Vector4f.h">
      <Filter>Header Files\Data</Filter>
    </ClInclude>
    <ClInclude Include="Materials.h">
      <Filter>Header Files\Data</Filter>
    </ClInclude>
    <ClInclude Include="ChristmasWindow.h">
      <Filter>Header Files</Filter>
    </ClInclude>
    <ClInclude Include="IDisplayObject.h">
      <Filter>Header Files\Model\Base</Filter>
    </ClInclude>
    <ClInclude Include="ChristmasGiftApp.h">
      <Filter>Header Files\Main</Filter>
    </ClInclude>
    <ClInclude Include="ModelController.h">
      <Filter>Header Files\Controller</Filter>
    </ClInclude>
    <ClInclude Include="IController.h">
      <Filter>Header Files\Controller\Base</Filter>
    </ClInclude>
    <ClInclude Include="DisplayObjectModel.h">
      <Filter>Header Files\Model\Base</Filter>
    </ClInclude>
    <ClInclude Include="Sphere.h">
      <Filter>Header Files\Data</Filter>
    </ClInclude>
    <ClInclude Include="ChristmasTree.h">
      <Filter>Header Files\Model</Filter>
    </ClInclude>
    <ClInclude Include="Vector3f.h">
      <Filter>Header Files\Data</Filter>
    </ClInclude>
    <ClInclude Include="mxyVector.h">
      <Filter>Header Files\Data</Filter>
    </ClInclude>
    <ClInclude Include="mxyMatrix.h">
      <Filter>Header Files\Data</Filter>
    </ClInclude>
    <ClInclude Include="mxyMath.h">
      <Filter>Header Files\Data</Filter>
    </ClInclude>
    <ClInclude Include="Light.h">
      <Filter>Header Files\Data</Filter>
    </ClInclude>
    <ClInclude Include="Particles.h">
      <Filter>Header Files\Model</Filter>
    </ClInclude>
    <ClInclude Include="ParticleStruct.h">
      <Filter>Header Files\Data</Filter>
    </ClInclude>
    <ClInclude Include="BasicParticles.h">
      <Filter>Header Files\Model</Filter>
    </ClInclude>
    <ClInclude Include="PointPaticles.h">
      <Filter>Header Files\Model</Filter>
    </ClInclude>
    <ClInclude Include="SmokeParticles.h">
      <Filter>Header Files\Model</Filter>
    </ClInclude>
    <ClInclude Include="SnowFlakeParticles.h">
      <Filter>Header Files\Model</Filter>
    </ClInclude>
    <ClInclude Include="FireParticles.h">
      <Filter>Header Files</Filter>
    </ClInclude>
  </ItemGroup>
  <ItemGroup>
    <ClCompile Include="ChristmasWindow.cpp">
      <Filter>Source Files</Filter>
    </ClCompile>
    <ClCompile Include="DisplayObjectModel.cpp">
      <Filter>Source Files\Model\Base</Filter>
    </ClCompile>
    <ClCompile Include="ChristmasGiftApp.cpp">
      <Filter>Source Files\Main</Filter>
    </ClCompile>
    <ClCompile Include="ModelController.cpp">
      <Filter>Source Files\Controller</Filter>
    </ClCompile>
    <ClCompile Include="ChristmasTree.cpp">
      <Filter>Source Files\Model</Filter>
    </ClCompile>
    <ClCompile Include="Particles.cpp">
      <Filter>Source Files\Model</Filter>
    </ClCompile>
    <ClCompile Include="BasicParticles.cpp">
      <Filter>Source Files\Model</Filter>
    </ClCompile>
    <ClCompile Include="PointPaticles.cpp">
      <Filter>Source Files\Model</Filter>
    </ClCompile>
    <ClCompile Include="SmokeParticles.cpp">
      <Filter>Source Files\Model</Filter>
    </ClCompile>
    <ClCompile Include="SnowFlakeParticles.cpp">
      <Filter>Source Files\Model</Filter>
    </ClCompile>
    <ClCompile Include="FireParticles.cpp">
      <Filter>Source Files</Filter>
    </ClCompile>
  </ItemGroup>
  <ItemGroup>
    <None Include="ground1.bmp">
      <Filter>Resource Files</Filter>
    </None>
    <None Include="seatmap.bmp">
      <Filter>Resource Files</Filter>
    </None>
    <None Include="demoshader.glsl">
      <Filter>Shaders</Filter>
    </None>
    <None Include="house2.jpg">
      <Filter>Resource Files</Filter>
    </None>
    <None Include="House2.mxy">
      <Filter>Resource Files</Filter>
    </None>
    <None Include="phongfragmentshader.txt">
      <Filter>Shaders</Filter>
    </None>
    <None Include="phongvertexshader.txt">
      <Filter>Shaders</Filter>
    </None>
  </ItemGroup>
</Project>