<?xml version="1.0" encoding="utf-8"?>
<Project ToolsVersion="4.0" xmlns="http://schemas.microsoft.com/developer/msbuild/2003">
  <ItemGroup>
    <Filter Include="Source Files">
      <UniqueIdentifier>{4FC737F1-C7A5-4376-A066-2A32D752A2FF}</UniqueIdentifier>
      <Extensions>cpp;c;cc;cxx;def;odl;idl;hpj;bat;asm;asmx</Extensions>
    </Filter>
    <Filter Include="Header Files">
      <UniqueIdentifier>{93995380-89BD-4b04-88EB-625FBE52EBFB}</UniqueIdentifier>
      <Extensions>h;hpp;hxx;hm;inl;inc;xsd</Extensions>
    </Filter>
    <Filter Include="Resource Files">
      <UniqueIdentifier>{67DA6AB6-F800-4c08-8B7A-83BB121AAD01}</UniqueIdentifier>
      <Extensions>rc;ico;cur;bmp;dlg;rc2;rct;bin;rgs;gif;jpg;jpeg;jpe;resx;tiff;tif;png;wav;mfcribbon-ms</Extensions>
    </Filter>
    <Filter Include="Header Files\thread">
      <UniqueIdentifier>{847d72b5-e6ad-44f9-b576-4cf9584cda9e}</UniqueIdentifier>
    </Filter>
    <Filter Include="Source Files\thread">
      <UniqueIdentifier>{f8caf253-e87d-46f6-9e58-3d1281992d86}</UniqueIdentifier>
    </Filter>
    <Filter Include="Header Files\basic">
      <UniqueIdentifier>{c566998e-d99a-4a36-80d2-687a856b0611}</UniqueIdentifier>
    </Filter>
    <Filter Include="Source Files\basic">
      <UniqueIdentifier>{7d1995c0-c431-40eb-9451-3fd5d8a99bce}</UniqueIdentifier>
    </Filter>
  </ItemGroup>
  <ItemGroup>
    <ClInclude Include="MyWindow.h">
      <Filter>Header Files</Filter>
    </ClInclude>
    <ClInclude Include="MyPhysics.h">
      <Filter>Header Files</Filter>
    </ClInclude>
    <ClInclude Include="MyThread.h">
      <Filter>Header Files\thread</Filter>
    </ClInclude>
    <ClInclude Include="mymath.h">
      <Filter>Header Files\basic</Filter>
    </ClInclude>
    <ClInclude Include="RigidBody.h">
      <Filter>Header Files\basic</Filter>
    </ClInclude>
    <ClInclude Include="MySquare.h">
      <Filter>Header Files\basic</Filter>
    </ClInclude>
    <ClInclude Include="PhysicThread.h">
      <Filter>Header Files\thread</Filter>
    </ClInclude>
    <ClInclude Include="MyTriangle.h">
      <Filter>Header Files\basic</Filter>
    </ClInclude>
    <ClInclude Include="ShareMem.h">
      <Filter>Header Files\basic</Filter>
    </ClInclude>
    <ClInclude Include="App.h">
      <Filter>Header Files</Filter>
    </ClInclude>
    <ClInclude Include="ClientThread.h">
      <Filter>Header Files</Filter>
    </ClInclude>
    <ClInclude Include="ServerThread.h">
      <Filter>Header Files</Filter>
    </ClInclude>
  </ItemGroup>
  <ItemGroup>
    <ClCompile Include="main.cpp">
      <Filter>Source Files</Filter>
    </ClCompile>
    <ClCompile Include="MyWindow.cpp">
      <Filter>Source Files</Filter>
    </ClCompile>
    <ClCompile Include="MyPhysics.cpp">
      <Filter>Source Files</Filter>
    </ClCompile>
    <ClCompile Include="MyThread.cpp">
      <Filter>Source Files\thread</Filter>
    </ClCompile>
    <ClCompile Include="mymath.cpp">
      <Filter>Source Files\basic</Filter>
    </ClCompile>
    <ClCompile Include="RigidBody.cpp">
      <Filter>Source Files\basic</Filter>
    </ClCompile>
    <ClCompile Include="MySquare.cpp">
      <Filter>Source Files\basic</Filter>
    </ClCompile>
    <ClCompile Include="PhysicThread.cpp">
      <Filter>Source Files\thread</Filter>
    </ClCompile>
    <ClCompile Include="MyTriangle.cpp">
      <Filter>Source Files\basic</Filter>
    </ClCompile>
    <ClCompile Include="ShareMem.cpp">
      <Filter>Source Files\basic</Filter>
    </ClCompile>
    <ClCompile Include="App.cpp">
      <Filter>Source Files</Filter>
    </ClCompile>
    <ClCompile Include="ClientThread.cpp">
      <Filter>Source Files</Filter>
    </ClCompile>
    <ClCompile Include="ServerThread.cpp">
      <Filter>Source Files</Filter>
    </ClCompile>
  </ItemGroup>
</Project>